
Microsoft Visual Studio Solution File, Format Version 12.00
# Visual Studio Version 16
VisualStudioVersion = 16.0.31727.386
MinimumVisualStudioVersion = 10.0.40219.1
Project("{FAE04EC0-301F-11D3-BF4B-00C04F79EFBC}") = "AO7K2W_HFT_2021221.Client", "AO7K2W_HFT_2021221.Client\AO7K2W_HFT_2021221.Client.csproj", "{E1367EF3-4787-4151-B050-A2E19E619400}"
EndProject
Project("{FAE04EC0-301F-11D3-BF4B-00C04F79EFBC}") = "AO7K2W_HFT_2021221.Models", "AO7K2W_HFT_2021221.Models\AO7K2W_HFT_2021221.Models.csproj", "{7FB53C4F-58BD-486E-87C8-F18A4176B296}"
EndProject
Project("{FAE04EC0-301F-11D3-BF4B-00C04F79EFBC}") = "AO7K2W_HFT_2021221.Data", "AO7K2W_HFT_2021221.Data\AO7K2W_HFT_2021221.Data.csproj", "{8741272D-63EE-457E-9636-9711E632E6EB}"
EndProject
Project("{FAE04EC0-301F-11D3-BF4B-00C04F79EFBC}") = "AO7K2W_HFT_2021221.Logic", "AO7K2W_HFT_2021221.Logic\AO7K2W_HFT_2021221.Logic.csproj", "{1078007A-CA4B-4F60-A394-8A8E69A314C3}"
EndProject
Project("{FAE04EC0-301F-11D3-BF4B-00C04F79EFBC}") = "AO7K2W_HFT_2021221.Repository", "AO7K2W_HFT_2021221.Repository\AO7K2W_HFT_2021221.Repository.csproj", "{ED618C27-0515-45B4-B04D-527A85C379D0}"
EndProject
Project("{FAE04EC0-301F-11D3-BF4B-00C04F79EFBC}") = "AO7K2W_HFT_2021221.Endpoint", "AO7K2W_HFT_2021221.Endpoint\AO7K2W_HFT_2021221.Endpoint.csproj", "{AF6ACEED-D84F-4E81-841D-3E2B8F48C22D}"
EndProject
Project("{FAE04EC0-301F-11D3-BF4B-00C04F79EFBC}") = "AO7K2W_HFT_2021221.Test", "AO7K2W_HFT_2021221.Test\AO7K2W_HFT_2021221.Test.csproj", "{0C9FAC8F-4990-4A7E-BFD8-84B325AEFA92}"
EndProject
Project("{2150E333-8FDC-42A3-9474-1A3956D46DE8}") = "Backend", "Backend", "{58E4C3AD-5144-4DEC-86D1-B6BE12F1CE22}"
EndProject
Project("{2150E333-8FDC-42A3-9474-1A3956D46DE8}") = "Frontend", "Frontend", "{815B98F8-FC4C-4DED-9FE6-9E790B83B14B}"
EndProject
Project("{2150E333-8FDC-42A3-9474-1A3956D46DE8}") = "Shared", "Shared", "{BD9AE694-E64E-4783-AE6E-3DC34390A678}"
EndProject
Global
	GlobalSection(SolutionConfigurationPlatforms) = preSolution
		Debug|Any CPU = Debug|Any CPU
		Release|Any CPU = Release|Any CPU
	EndGlobalSection
	GlobalSection(ProjectConfigurationPlatforms) = postSolution
		{E1367EF3-4787-4151-B050-A2E19E619400}.Debug|Any CPU.ActiveCfg = Debug|Any CPU
		{E1367EF3-4787-4151-B050-A2E19E619400}.Debug|Any CPU.Build.0 = Debug|Any CPU
		{E1367EF3-4787-4151-B050-A2E19E619400}.Release|Any CPU.ActiveCfg = Release|Any CPU
		{E1367EF3-4787-4151-B050-A2E19E619400}.Release|Any CPU.Build.0 = Release|Any CPU
		{7FB53C4F-58BD-486E-87C8-F18A4176B296}.Debug|Any CPU.ActiveCfg = Debug|Any CPU
		{7FB53C4F-58BD-486E-87C8-F18A4176B296}.Debug|Any CPU.Build.0 = Debug|Any CPU
		{7FB53C4F-58BD-486E-87C8-F18A4176B296}.Release|Any CPU.ActiveCfg = Release|Any CPU
		{7FB53C4F-58BD-486E-87C8-F18A4176B296}.Release|Any CPU.Build.0 = Release|Any CPU
		{8741272D-63EE-457E-9636-9711E632E6EB}.Debug|Any CPU.ActiveCfg = Debug|Any CPU
		{8741272D-63EE-457E-9636-9711E632E6EB}.Debug|Any CPU.Build.0 = Debug|Any CPU
		{8741272D-63EE-457E-9636-9711E632E6EB}.Release|Any CPU.ActiveCfg = Release|Any CPU
		{8741272D-63EE-457E-9636-9711E632E6EB}.Release|Any CPU.Build.0 = Release|Any CPU
		{1078007A-CA4B-4F60-A394-8A8E69A314C3}.Debug|Any CPU.ActiveCfg = Debug|Any CPU
		{1078007A-CA4B-4F60-A394-8A8E69A314C3}.Debug|Any CPU.Build.0 = Debug|Any CPU
		{1078007A-CA4B-4F60-A394-8A8E69A314C3}.Release|Any CPU.ActiveCfg = Release|Any CPU
		{1078007A-CA4B-4F60-A394-8A8E69A314C3}.Release|Any CPU.Build.0 = Release|Any CPU
		{ED618C27-0515-45B4-B04D-527A85C379D0}.Debug|Any CPU.ActiveCfg = Debug|Any CPU
		{ED618C27-0515-45B4-B04D-527A85C379D0}.Debug|Any CPU.Build.0 = Debug|Any CPU
		{ED618C27-0515-45B4-B04D-527A85C379D0}.Release|Any CPU.ActiveCfg = Release|Any CPU
		{ED618C27-0515-45B4-B04D-527A85C379D0}.Release|Any CPU.Build.0 = Release|Any CPU
		{AF6ACEED-D84F-4E81-841D-3E2B8F48C22D}.Debug|Any CPU.ActiveCfg = Debug|Any CPU
		{AF6ACEED-D84F-4E81-841D-3E2B8F48C22D}.Debug|Any CPU.Build.0 = Debug|Any CPU
		{AF6ACEED-D84F-4E81-841D-3E2B8F48C22D}.Release|Any CPU.ActiveCfg = Release|Any CPU
		{AF6ACEED-D84F-4E81-841D-3E2B8F48C22D}.Release|Any CPU.Build.0 = Release|Any CPU
		{0C9FAC8F-4990-4A7E-BFD8-84B325AEFA92}.Debug|Any CPU.ActiveCfg = Debug|Any CPU
		{0C9FAC8F-4990-4A7E-BFD8-84B325AEFA92}.Debug|Any CPU.Build.0 = Debug|Any CPU
		{0C9FAC8F-4990-4A7E-BFD8-84B325AEFA92}.Release|Any CPU.ActiveCfg = Release|Any CPU
		{0C9FAC8F-4990-4A7E-BFD8-84B325AEFA92}.Release|Any CPU.Build.0 = Release|Any CPU
	EndGlobalSection
	GlobalSection(SolutionProperties) = preSolution
		HideSolutionNode = FALSE
	EndGlobalSection
	GlobalSection(NestedProjects) = preSolution
		{E1367EF3-4787-4151-B050-A2E19E619400} = {815B98F8-FC4C-4DED-9FE6-9E790B83B14B}
		{7FB53C4F-58BD-486E-87C8-F18A4176B296} = {BD9AE694-E64E-4783-AE6E-3DC34390A678}
		{8741272D-63EE-457E-9636-9711E632E6EB} = {58E4C3AD-5144-4DEC-86D1-B6BE12F1CE22}
		{1078007A-CA4B-4F60-A394-8A8E69A314C3} = {58E4C3AD-5144-4DEC-86D1-B6BE12F1CE22}
		{ED618C27-0515-45B4-B04D-527A85C379D0} = {58E4C3AD-5144-4DEC-86D1-B6BE12F1CE22}
		{AF6ACEED-D84F-4E81-841D-3E2B8F48C22D} = {58E4C3AD-5144-4DEC-86D1-B6BE12F1CE22}
		{0C9FAC8F-4990-4A7E-BFD8-84B325AEFA92} = {58E4C3AD-5144-4DEC-86D1-B6BE12F1CE22}
	EndGlobalSection
	GlobalSection(ExtensibilityGlobals) = postSolution
		SolutionGuid = {D74D28EB-6E2D-4A58-A4C2-641B01711A0A}
	EndGlobalSection
EndGlobal
